// !$*UTF8*$!
{
	archiveVersion = 1;
	classes = {
	};
	objectVersion = 48;
	objects = {

/* Begin PBXBuildFile section */
		6888700E1F4191520014F8E3 /* AppDelegate.swift in Sources */ = {isa = PBXBuildFile; fileRef = 6888700D1F4191520014F8E3 /* AppDelegate.swift */; };
		688870101F4191520014F8E3 /* ViewController.swift in Sources */ = {isa = PBXBuildFile; fileRef = 6888700F1F4191520014F8E3 /* ViewController.swift */; };
		688870131F4191520014F8E3 /* Main.storyboard in Resources */ = {isa = PBXBuildFile; fileRef = 688870111F4191520014F8E3 /* Main.storyboard */; };
		688870151F4191520014F8E3 /* Assets.xcassets in Resources */ = {isa = PBXBuildFile; fileRef = 688870141F4191520014F8E3 /* Assets.xcassets */; };
		688870181F4191520014F8E3 /* LaunchScreen.storyboard in Resources */ = {isa = PBXBuildFile; fileRef = 688870161F4191520014F8E3 /* LaunchScreen.storyboard */; };
		688870231F4191520014F8E3 /* SatayNotSatayTests.swift in Sources */ = {isa = PBXBuildFile; fileRef = 688870221F4191520014F8E3 /* SatayNotSatayTests.swift */; };
		6888702E1F4191520014F8E3 /* SatayNotSatayUITests.swift in Sources */ = {isa = PBXBuildFile; fileRef = 6888702D1F4191520014F8E3 /* SatayNotSatayUITests.swift */; };
/* End PBXBuildFile section */

/* Begin PBXContainerItemProxy section */
		6888701F1F4191520014F8E3 /* PBXContainerItemProxy */ = {
			isa = PBXContainerItemProxy;
			containerPortal = 688870021F4191510014F8E3 /* Project object */;
			proxyType = 1;
			remoteGlobalIDString = 688870091F4191510014F8E3;
			remoteInfo = SatayNotSatay;
		};
		6888702A1F4191520014F8E3 /* PBXContainerItemProxy */ = {
			isa = PBXContainerItemProxy;
			containerPortal = 688870021F4191510014F8E3 /* Project object */;
			proxyType = 1;
			remoteGlobalIDString = 688870091F4191510014F8E3;
			remoteInfo = SatayNotSatay;
		};
/* End PBXContainerItemProxy section */

/* Begin PBXFileReference section */
		6888700A1F4191520014F8E3 /* SatayNotSatay.app */ = {isa = PBXFileReference; explicitFileType = wrapper.application; includeInIndex = 0; path = SatayNotSatay.app; sourceTree = BUILT_PRODUCTS_DIR; };
		6888700D1F4191520014F8E3 /* AppDelegate.swift */ = {isa = PBXFileReference; lastKnownFileType = sourcecode.swift; path = AppDelegate.swift; sourceTree = "<group>"; };
		6888700F1F4191520014F8E3 /* ViewController.swift */ = {isa = PBXFileReference; lastKnownFileType = sourcecode.swift; path = ViewController.swift; sourceTree = "<group>"; };
		688870121F4191520014F8E3 /* Base */ = {isa = PBXFileReference; lastKnownFileType = file.storyboard; name = Base; path = Base.lproj/Main.storyboard; sourceTree = "<group>"; };
		688870141F4191520014F8E3 /* Assets.xcassets */ = {isa = PBXFileReference; lastKnownFileType = folder.assetcatalog; path = Assets.xcassets; sourceTree = "<group>"; };
		688870171F4191520014F8E3 /* Base */ = {isa = PBXFileReference; lastKnownFileType = file.storyboard; name = Base; path = Base.lproj/LaunchScreen.storyboard; sourceTree = "<group>"; };
		688870191F4191520014F8E3 /* Info.plist */ = {isa = PBXFileReference; lastKnownFileType = text.plist.xml; path = Info.plist; sourceTree = "<group>"; };
		6888701E1F4191520014F8E3 /* SatayNotSatayTests.xctest */ = {isa = PBXFileReference; explicitFileType = wrapper.cfbundle; includeInIndex = 0; path = SatayNotSatayTests.xctest; sourceTree = BUILT_PRODUCTS_DIR; };
		688870221F4191520014F8E3 /* SatayNotSatayTests.swift */ = {isa = PBXFileReference; lastKnownFileType = sourcecode.swift; path = SatayNotSatayTests.swift; sourceTree = "<group>"; };
		688870241F4191520014F8E3 /* Info.plist */ = {isa = PBXFileReference; lastKnownFileType = text.plist.xml; path = Info.plist; sourceTree = "<group>"; };
		688870291F4191520014F8E3 /* SatayNotSatayUITests.xctest */ = {isa = PBXFileReference; explicitFileType = wrapper.cfbundle; includeInIndex = 0; path = SatayNotSatayUITests.xctest; sourceTree = BUILT_PRODUCTS_DIR; };
		6888702D1F4191520014F8E3 /* SatayNotSatayUITests.swift */ = {isa = PBXFileReference; lastKnownFileType = sourcecode.swift; path = SatayNotSatayUITests.swift; sourceTree = "<group>"; };
		6888702F1F4191520014F8E3 /* Info.plist */ = {isa = PBXFileReference; lastKnownFileType = text.plist.xml; path = Info.plist; sourceTree = "<group>"; };
/* End PBXFileReference section */

/* Begin PBXFrameworksBuildPhase section */
		688870071F4191510014F8E3 /* Frameworks */ = {
			isa = PBXFrameworksBuildPhase;
			buildActionMask = 2147483647;
			files = (
			);
			runOnlyForDeploymentPostprocessing = 0;
		};
		6888701B1F4191520014F8E3 /* Frameworks */ = {
			isa = PBXFrameworksBuildPhase;
			buildActionMask = 2147483647;
			files = (
			);
			runOnlyForDeploymentPostprocessing = 0;
		};
		688870261F4191520014F8E3 /* Frameworks */ = {
			isa = PBXFrameworksBuildPhase;
			buildActionMask = 2147483647;
			files = (
			);
			runOnlyForDeploymentPostprocessing = 0;
		};
/* End PBXFrameworksBuildPhase section */

/* Begin PBXGroup section */
		688870011F4191510014F8E3 = {
			isa = PBXGroup;
			children = (
				6888700C1F4191520014F8E3 /* SatayNotSatay */,
				688870211F4191520014F8E3 /* SatayNotSatayTests */,
				6888702C1F4191520014F8E3 /* SatayNotSatayUITests */,
				6888700B1F4191520014F8E3 /* Products */,
			);
			sourceTree = "<group>";
		};
		6888700B1F4191520014F8E3 /* Products */ = {
			isa = PBXGroup;
			children = (
				6888700A1F4191520014F8E3 /* SatayNotSatay.app */,
				6888701E1F4191520014F8E3 /* SatayNotSatayTests.xctest */,
				688870291F4191520014F8E3 /* SatayNotSatayUITests.xctest */,
			);
			name = Products;
			sourceTree = "<group>";
		};
		6888700C1F4191520014F8E3 /* SatayNotSatay */ = {
			isa = PBXGroup;
			children = (
				6888700D1F4191520014F8E3 /* AppDelegate.swift */,
				6888700F1F4191520014F8E3 /* ViewController.swift */,
				688870111F4191520014F8E3 /* Main.storyboard */,
				688870141F4191520014F8E3 /* Assets.xcassets */,
				688870161F4191520014F8E3 /* LaunchScreen.storyboard */,
				688870191F4191520014F8E3 /* Info.plist */,
			);
			path = SatayNotSatay;
			sourceTree = "<group>";
		};
		688870211F4191520014F8E3 /* SatayNotSatayTests */ = {
			isa = PBXGroup;
			children = (
				688870221F4191520014F8E3 /* SatayNotSatayTests.swift */,
				688870241F4191520014F8E3 /* Info.plist */,
			);
			path = SatayNotSatayTests;
			sourceTree = "<group>";
		};
		6888702C1F4191520014F8E3 /* SatayNotSatayUITests */ = {
			isa = PBXGroup;
			children = (
				6888702D1F4191520014F8E3 /* SatayNotSatayUITests.swift */,
				6888702F1F4191520014F8E3 /* Info.plist */,
			);
			path = SatayNotSatayUITests;
			sourceTree = "<group>";
		};
/* End PBXGroup section */

/* Begin PBXNativeTarget section */
		688870091F4191510014F8E3 /* SatayNotSatay */ = {
			isa = PBXNativeTarget;
			buildConfigurationList = 688870321F4191520014F8E3 /* Build configuration list for PBXNativeTarget "SatayNotSatay" */;
			buildPhases = (
				688870061F4191510014F8E3 /* Sources */,
				688870071F4191510014F8E3 /* Frameworks */,
				688870081F4191510014F8E3 /* Resources */,
			);
			buildRules = (
			);
			dependencies = (
			);
			name = SatayNotSatay;
			productName = SatayNotSatay;
			productReference = 6888700A1F4191520014F8E3 /* SatayNotSatay.app */;
			productType = "com.apple.product-type.application";
		};
		6888701D1F4191520014F8E3 /* SatayNotSatayTests */ = {
			isa = PBXNativeTarget;
			buildConfigurationList = 688870351F4191520014F8E3 /* Build configuration list for PBXNativeTarget "SatayNotSatayTests" */;
			buildPhases = (
				6888701A1F4191520014F8E3 /* Sources */,
				6888701B1F4191520014F8E3 /* Frameworks */,
				6888701C1F4191520014F8E3 /* Resources */,
			);
			buildRules = (
			);
			dependencies = (
				688870201F4191520014F8E3 /* PBXTargetDependency */,
			);
			name = SatayNotSatayTests;
			productName = SatayNotSatayTests;
			productReference = 6888701E1F4191520014F8E3 /* SatayNotSatayTests.xctest */;
			productType = "com.apple.product-type.bundle.unit-test";
		};
		688870281F4191520014F8E3 /* SatayNotSatayUITests */ = {
			isa = PBXNativeTarget;
			buildConfigurationList = 688870381F4191520014F8E3 /* Build configuration list for PBXNativeTarget "SatayNotSatayUITests" */;
			buildPhases = (
				688870251F4191520014F8E3 /* Sources */,
				688870261F4191520014F8E3 /* Frameworks */,
				688870271F4191520014F8E3 /* Resources */,
			);
			buildRules = (
			);
			dependencies = (
				6888702B1F4191520014F8E3 /* PBXTargetDependency */,
			);
			name = SatayNotSatayUITests;
			productName = SatayNotSatayUITests;
			productReference = 688870291F4191520014F8E3 /* SatayNotSatayUITests.xctest */;
			productType = "com.apple.product-type.bundle.ui-testing";
		};
/* End PBXNativeTarget section */

/* Begin PBXProject section */
		688870021F4191510014F8E3 /* Project object */ = {
			isa = PBXProject;
			attributes = {
				LastSwiftUpdateCheck = 0900;
				LastUpgradeCheck = 0900;
				ORGANIZATIONNAME = "Sam Witteveen";
				TargetAttributes = {
					688870091F4191510014F8E3 = {
						CreatedOnToolsVersion = 9.0;
					};
					6888701D1F4191520014F8E3 = {
						CreatedOnToolsVersion = 9.0;
						TestTargetID = 688870091F4191510014F8E3;
					};
					688870281F4191520014F8E3 = {
						CreatedOnToolsVersion = 9.0;
						TestTargetID = 688870091F4191510014F8E3;
					};
				};
			};
			buildConfigurationList = 688870051F4191510014F8E3 /* Build configuration list for PBXProject "SatayNotSatay" */;
			compatibilityVersion = "Xcode 8.0";
			developmentRegion = en;
			hasScannedForEncodings = 0;
			knownRegions = (
				en,
				Base,
			);
			mainGroup = 688870011F4191510014F8E3;
			productRefGroup = 6888700B1F4191520014F8E3 /* Products */;
			projectDirPath = "";
			projectRoot = "";
			targets = (
				688870091F4191510014F8E3 /* SatayNotSatay */,
				6888701D1F4191520014F8E3 /* SatayNotSatayTests */,
				688870281F4191520014F8E3 /* SatayNotSatayUITests */,
			);
		};
/* End PBXProject section */

/* Begin PBXResourcesBuildPhase section */
		688870081F4191510014F8E3 /* Resources */ = {
			isa = PBXResourcesBuildPhase;
			buildActionMask = 2147483647;
			files = (
				688870181F4191520014F8E3 /* LaunchScreen.storyboard in Resources */,
				688870151F4191520014F8E3 /* Assets.xcassets in Resources */,
				688870131F4191520014F8E3 /* Main.storyboard in Resources */,
			);
			runOnlyForDeploymentPostprocessing = 0;
		};
		6888701C1F4191520014F8E3 /* Resources */ = {
			isa = PBXResourcesBuildPhase;
			buildActionMask = 2147483647;
			files = (
			);
			runOnlyForDeploymentPostprocessing = 0;
		};
		688870271F4191520014F8E3 /* Resources */ = {
			isa = PBXResourcesBuildPhase;
			buildActionMask = 2147483647;
			files = (
			);
			runOnlyForDeploymentPostprocessing = 0;
		};
/* End PBXResourcesBuildPhase section */

/* Begin PBXSourcesBuildPhase section */
		688870061F4191510014F8E3 /* Sources */ = {
			isa = PBXSourcesBuildPhase;
			buildActionMask = 2147483647;
			files = (
				688870101F4191520014F8E3 /* ViewController.swift in Sources */,
				6888700E1F4191520014F8E3 /* AppDelegate.swift in Sources */,
			);
			runOnlyForDeploymentPostprocessing = 0;
		};
		6888701A1F4191520014F8E3 /* Sources */ = {
			isa = PBXSourcesBuildPhase;
			buildActionMask = 2147483647;
			files = (
				688870231F4191520014F8E3 /* SatayNotSatayTests.swift in Sources */,
			);
			runOnlyForDeploymentPostprocessing = 0;
		};
		688870251F4191520014F8E3 /* Sources */ = {
			isa = PBXSourcesBuildPhase;
			buildActionMask = 2147483647;
			files = (
				6888702E1F4191520014F8E3 /* SatayNotSatayUITests.swift in Sources */,
			);
			runOnlyForDeploymentPostprocessing = 0;
		};
/* End PBXSourcesBuildPhase section */

/* Begin PBXTargetDependency section */
		688870201F4191520014F8E3 /* PBXTargetDependency */ = {
			isa = PBXTargetDependency;
			target = 688870091F4191510014F8E3 /* SatayNotSatay */;
			targetProxy = 6888701F1F4191520014F8E3 /* PBXContainerItemProxy */;
		};
		6888702B1F4191520014F8E3 /* PBXTargetDependency */ = {
			isa = PBXTargetDependency;
			target = 688870091F4191510014F8E3 /* SatayNotSatay */;
			targetProxy = 6888702A1F4191520014F8E3 /* PBXContainerItemProxy */;
		};
/* End PBXTargetDependency section */

/* Begin PBXVariantGroup section */
		688870111F4191520014F8E3 /* Main.storyboard */ = {
			isa = PBXVariantGroup;
			children = (
				688870121F4191520014F8E3 /* Base */,
			);
			name = Main.storyboard;
			sourceTree = "<group>";
		};
		688870161F4191520014F8E3 /* LaunchScreen.storyboard */ = {
			isa = PBXVariantGroup;
			children = (
				688870171F4191520014F8E3 /* Base */,
			);
			name = LaunchScreen.storyboard;
			sourceTree = "<group>";
		};
/* End PBXVariantGroup section */

/* Begin XCBuildConfiguration section */
		688870301F4191520014F8E3 /* Debug */ = {
			isa = XCBuildConfiguration;
			buildSettings = {
				ALWAYS_SEARCH_USER_PATHS = NO;
				CLANG_ANALYZER_NONNULL = YES;
				CLANG_ANALYZER_NUMBER_OBJECT_CONVERSION = YES_AGGRESSIVE;
				CLANG_CXX_LANGUAGE_STANDARD = "gnu++14";
				CLANG_CXX_LIBRARY = "libc++";
				CLANG_ENABLE_MODULES = YES;
				CLANG_ENABLE_OBJC_ARC = YES;
				CLANG_WARN_BLOCK_CAPTURE_AUTORELEASING = YES;
				CLANG_WARN_BOOL_CONVERSION = YES;
				CLANG_WARN_COMMA = YES;
				CLANG_WARN_CONSTANT_CONVERSION = YES;
				CLANG_WARN_DIRECT_OBJC_ISA_USAGE = YES_ERROR;
				CLANG_WARN_DOCUMENTATION_COMMENTS = YES;
				CLANG_WARN_EMPTY_BODY = YES;
				CLANG_WARN_ENUM_CONVERSION = YES;
				CLANG_WARN_INFINITE_RECURSION = YES;
				CLANG_WARN_INT_CONVERSION = YES;
				CLANG_WARN_NON_LITERAL_NULL_CONVERSION = YES;
				CLANG_WARN_OBJC_LITERAL_CONVERSION = YES;
				CLANG_WARN_OBJC_ROOT_CLASS = YES_ERROR;
				CLANG_WARN_RANGE_LOOP_ANALYSIS = YES;
				CLANG_WARN_STRICT_PROTOTYPES = YES;
				CLANG_WARN_SUSPICIOUS_MOVE = YES;
				CLANG_WARN_UNGUARDED_AVAILABILITY = YES_AGGRESSIVE;
				CLANG_WARN_UNREACHABLE_CODE = YES;
				CLANG_WARN__DUPLICATE_METHOD_MATCH = YES;
				CODE_SIGN_IDENTITY = "iPhone Developer";
				COPY_PHASE_STRIP = NO;
				DEBUG_INFORMATION_FORMAT = dwarf;
				ENABLE_STRICT_OBJC_MSGSEND = YES;
				ENABLE_TESTABILITY = YES;
				GCC_C_LANGUAGE_STANDARD = gnu11;
				GCC_DYNAMIC_NO_PIC = NO;
				GCC_NO_COMMON_BLOCKS = YES;
				GCC_OPTIMIZATION_LEVEL = 0;
				GCC_PREPROCESSOR_DEFINITIONS = (
					"DEBUG=1",
					"$(inherited)",
				);
				GCC_WARN_64_TO_32_BIT_CONVERSION = YES;
				GCC_WARN_ABOUT_RETURN_TYPE = YES_ERROR;
				GCC_WARN_UNDECLARED_SELECTOR = YES;
				GCC_WARN_UNINITIALIZED_AUTOS = YES_AGGRESSIVE;
				GCC_WARN_UNUSED_FUNCTION = YES;
				GCC_WARN_UNUSED_VARIABLE = YES;
				IPHONEOS_DEPLOYMENT_TARGET = 11.0;
				MTL_ENABLE_DEBUG_INFO = YES;
				ONLY_ACTIVE_ARCH = YES;
				SDKROOT = iphoneos;
				SWIFT_ACTIVE_COMPILATION_CONDITIONS = DEBUG;
				SWIFT_OPTIMIZATION_LEVEL = "-Onone";
			};
			name = Debug;
		};
		688870311F4191520014F8E3 /* Release */ = {
			isa = XCBuildConfiguration;
			buildSettings = {
				ALWAYS_SEARCH_USER_PATHS = NO;
				CLANG_ANALYZER_NONNULL = YES;
				CLANG_ANALYZER_NUMBER_OBJECT_CONVERSION = YES_AGGRESSIVE;
				CLANG_CXX_LANGUAGE_STANDARD = "gnu++14";
				CLANG_CXX_LIBRARY = "libc++";
				CLANG_ENABLE_MODULES = YES;
				CLANG_ENABLE_OBJC_ARC = YES;
				CLANG_WARN_BLOCK_CAPTURE_AUTORELEASING = YES;
				CLANG_WARN_BOOL_CONVERSION = YES;
				CLANG_WARN_COMMA = YES;
				CLANG_WARN_CONSTANT_CONVERSION = YES;
				CLANG_WARN_DIRECT_OBJC_ISA_USAGE = YES_ERROR;
				CLANG_WARN_DOCUMENTATION_COMMENTS = YES;
				CLANG_WARN_EMPTY_BODY = YES;
				CLANG_WARN_ENUM_CONVERSION = YES;
				CLANG_WARN_INFINITE_RECURSION = YES;
				CLANG_WARN_INT_CONVERSION = YES;
				CLANG_WARN_NON_LITERAL_NULL_CONVERSION = YES;
				CLANG_WARN_OBJC_LITERAL_CONVERSION = YES;
				CLANG_WARN_OBJC_ROOT_CLASS = YES_ERROR;
				CLANG_WARN_RANGE_LOOP_ANALYSIS = YES;
				CLANG_WARN_STRICT_PROTOTYPES = YES;
				CLANG_WARN_SUSPICIOUS_MOVE = YES;
				CLANG_WARN_UNGUARDED_AVAILABILITY = YES_AGGRESSIVE;
				CLANG_WARN_UNREACHABLE_CODE = YES;
				CLANG_WARN__DUPLICATE_METHOD_MATCH = YES;
				CODE_SIGN_IDENTITY = "iPhone Developer";
				COPY_PHASE_STRIP = NO;
				DEBUG_INFORMATION_FORMAT = "dwarf-with-dsym";
				ENABLE_NS_ASSERTIONS = NO;
				ENABLE_STRICT_OBJC_MSGSEND = YES;
				GCC_C_LANGUAGE_STANDARD = gnu11;
				GCC_NO_COMMON_BLOCKS = YES;
				GCC_WARN_64_TO_32_BIT_CONVERSION = YES;
				GCC_WARN_ABOUT_RETURN_TYPE = YES_ERROR;
				GCC_WARN_UNDECLARED_SELECTOR = YES;
				GCC_WARN_UNINITIALIZED_AUTOS = YES_AGGRESSIVE;
				GCC_WARN_UNUSED_FUNCTION = YES;
				GCC_WARN_UNUSED_VARIABLE = YES;
				IPHONEOS_DEPLOYMENT_TARGET = 11.0;
				MTL_ENABLE_DEBUG_INFO = NO;
				SDKROOT = iphoneos;
				SWIFT_OPTIMIZATION_LEVEL = "-Owholemodule";
				VALIDATE_PRODUCT = YES;
			};
			name = Release;
		};
		688870331F4191520014F8E3 /* Debug */ = {
			isa = XCBuildConfiguration;
			buildSettings = {
				ASSETCATALOG_COMPILER_APPICON_NAME = AppIcon;
				INFOPLIST_FILE = SatayNotSatay/Info.plist;
				LD_RUNPATH_SEARCH_PATHS = "$(inherited) @executable_path/Frameworks";
				PRODUCT_BUNDLE_IDENTIFIER = co.familyplay.SatayNotSatay;
				PRODUCT_NAME = "$(TARGET_NAME)";
				SWIFT_VERSION = 4.0;
				TARGETED_DEVICE_FAMILY = "1,2";
			};
			name = Debug;
		};
		688870341F4191520014F8E3 /* Release */ = {
			isa = XCBuildConfiguration;
			buildSettings = {
				ASSETCATALOG_COMPILER_APPICON_NAME = AppIcon;
				INFOPLIST_FILE = SatayNotSatay/Info.plist;
				LD_RUNPATH_SEARCH_PATHS = "$(inherited) @executable_path/Frameworks";
				PRODUCT_BUNDLE_IDENTIFIER = co.familyplay.SatayNotSatay;
				PRODUCT_NAME = "$(TARGET_NAME)";
				SWIFT_VERSION = 4.0;
				TARGETED_DEVICE_FAMILY = "1,2";
			};
			name = Release;
		};
		688870361F4191520014F8E3 /* Debug */ = {
			isa = XCBuildConfiguration;
			buildSettings = {
				ALWAYS_EMBED_SWIFT_STANDARD_LIBRARIES = YES;
				BUNDLE_LOADER = "$(TEST_HOST)";
				INFOPLIST_FILE = SatayNotSatayTests/Info.plist;
				LD_RUNPATH_SEARCH_PATHS = "$(inherited) @executable_path/Frameworks @loader_path/Frameworks";
				PRODUCT_BUNDLE_IDENTIFIER = co.familyplay.SatayNotSatayTests;
				PRODUCT_NAME = "$(TARGET_NAME)";
				SWIFT_VERSION = 4.0;
				TARGETED_DEVICE_FAMILY = "1,2";
				TEST_HOST = "$(BUILT_PRODUCTS_DIR)/SatayNotSatay.app/SatayNotSatay";
			};
			name = Debug;
		};
		688870371F4191520014F8E3 /* Release */ = {
			isa = XCBuildConfiguration;
			buildSettings = {
				ALWAYS_EMBED_SWIFT_STANDARD_LIBRARIES = YES;
				BUNDLE_LOADER = "$(TEST_HOST)";
				INFOPLIST_FILE = SatayNotSatayTests/Info.plist;
				LD_RUNPATH_SEARCH_PATHS = "$(inherited) @executable_path/Frameworks @loader_path/Frameworks";
				PRODUCT_BUNDLE_IDENTIFIER = co.familyplay.SatayNotSatayTests;
				PRODUCT_NAME = "$(TARGET_NAME)";
				SWIFT_VERSION = 4.0;
				TARGETED_DEVICE_FAMILY = "1,2";
				TEST_HOST = "$(BUILT_PRODUCTS_DIR)/SatayNotSatay.app/SatayNotSatay";
			};
			name = Release;
		};
		688870391F4191520014F8E3 /* Debug */ = {
			isa = XCBuildConfiguration;
			buildSettings = {
				ALWAYS_EMBED_SWIFT_STANDARD_LIBRARIES = YES;
				INFOPLIST_FILE = SatayNotSatayUITests/Info.plist;
				LD_RUNPATH_SEARCH_PATHS = "$(inherited) @executable_path/Frameworks @loader_path/Frameworks";
				PRODUCT_BUNDLE_IDENTIFIER = co.familyplay.SatayNotSatayUITests;
				PRODUCT_NAME = "$(TARGET_NAME)";
				SWIFT_VERSION = 4.0;
				TARGETED_DEVICE_FAMILY = "1,2";
				TEST_TARGET_NAME = SatayNotSatay;
			};
			name = Debug;
		};
		6888703A1F4191520014F8E3 /* Release */ = {
			isa = XCBuildConfiguration;
			buildSettings = {
				ALWAYS_EMBED_SWIFT_STANDARD_LIBRARIES = YES;
				INFOPLIST_FILE = SatayNotSatayUITests/Info.plist;
				LD_RUNPATH_SEARCH_PATHS = "$(inherited) @executable_path/Frameworks @loader_path/Frameworks";
				PRODUCT_BUNDLE_IDENTIFIER = co.familyplay.SatayNotSatayUITests;
				PRODUCT_NAME = "$(TARGET_NAME)";
				SWIFT_VERSION = 4.0;
				TARGETED_DEVICE_FAMILY = "1,2";
				TEST_TARGET_NAME = SatayNotSatay;
			};
			name = Release;
		};
/* End XCBuildConfiguration section */

/* Begin XCConfigurationList section */
		688870051F4191510014F8E3 /* Build configuration list for PBXProject "SatayNotSatay" */ = {
			isa = XCConfigurationList;
			buildConfigurations = (
				688870301F4191520014F8E3 /* Debug */,
				688870311F4191520014F8E3 /* Release */,
			);
			defaultConfigurationIsVisible = 0;
			defaultConfigurationName = Release;
		};
		688870321F4191520014F8E3 /* Build configuration list for PBXNativeTarget "SatayNotSatay" */ = {
			isa = XCConfigurationList;
			buildConfigurations = (
				688870331F4191520014F8E3 /* Debug */,
				688870341F4191520014F8E3 /* Release */,
			);
			defaultConfigurationIsVisible = 0;
			defaultConfigurationName = Release;
		};
		688870351F4191520014F8E3 /* Build configuration list for PBXNativeTarget "SatayNotSatayTests" */ = {
			isa = XCConfigurationList;
			buildConfigurations = (
				688870361F4191520014F8E3 /* Debug */,
				688870371F4191520014F8E3 /* Release */,
			);
			defaultConfigurationIsVisible = 0;
			defaultConfigurationName = Release;
		};
		688870381F4191520014F8E3 /* Build configuration list for PBXNativeTarget "SatayNotSatayUITests" */ = {
			isa = XCConfigurationList;
			buildConfigurations = (
				688870391F4191520014F8E3 /* Debug */,
				6888703A1F4191520014F8E3 /* Release */,
			);
			defaultConfigurationIsVisible = 0;
			defaultConfigurationName = Release;
		};
/* End XCConfigurationList section */
	};
	rootObject = 688870021F4191510014F8E3 /* Project object */;
}
